# This file was autogenerated by Stack.
# You should not edit this file by hand.
# For more information, please see the documentation at:
#   https://docs.haskellstack.org/en/stable/lock_files

packages:
- completed:
    hackage: data-tree-print-0.1.0.2@sha256:d845e99f322df70e0c06d6743bf80336f5918d5423498528beb0593a2afc1703,1620
    pantry-tree:
      size: 272
      sha256: b8778eb1b16fddb91b2eed2b25f33a89d1e4f7a533160de4ccbf226f82456135
  original:
    hackage: data-tree-print-0.1.0.2@sha256:d845e99f322df70e0c06d6743bf80336f5918d5423498528beb0593a2afc1703,1620
- completed:
    hackage: random-1.2.0@sha256:30d72df4cc1d2fe2d445c88f0ee9d21965af7ce86660c43a6c32a6a1d90d51c9,6094
    pantry-tree:
      size: 1259
      sha256: 92b5a834ba603ee4d006968a75847f4fd93a566b8a96e1b463b8229f8ce9961d
  original:
    hackage: random-1.2.0@sha256:30d72df4cc1d2fe2d445c88f0ee9d21965af7ce86660c43a6c32a6a1d90d51c9,6094
snapshots:
- completed:
    size: 567037
    url: https://raw.githubusercontent.com/commercialhaskell/stackage-snapshots/master/lts/17/9.yaml
    sha256: d7d8d5106e53d1669964bd8bd2b0f88a5ad192d772f5376384b76738fd992311
  original:
    url: https://raw.githubusercontent.com/commercialhaskell/stackage-snapshots/master/lts/17/9.yaml
